
Microsoft Visual Studio Solution File, Format Version 12.00
# Visual Studio 15
VisualStudioVersion = 15.0.27130.2027
MinimumVisualStudioVersion = 10.0.40219.1
Project("{FAE04EC0-301F-11D3-BF4B-00C04F79EFBC}") = "runningaverage", "runningaverage\runningaverage.csproj", "{AC25828D-B389-4701-9F37-691725848BFC}"
EndProject
Global
	GlobalSection(SolutionConfigurationPlatforms) = preSolution
		Debug|Any CPU = Debug|Any CPU
		Release|Any CPU = Release|Any CPU
	EndGlobalSection
	GlobalSection(ProjectConfigurationPlatforms) = postSolution
		{AC25828D-B389-4701-9F37-691725848BFC}.Debug|Any CPU.ActiveCfg = Debug|Any CPU
		{AC25828D-B389-4701-9F37-691725848BFC}.Debug|Any CPU.Build.0 = Debug|Any CPU
		{AC25828D-B389-4701-9F37-691725848BFC}.Release|Any CPU.ActiveCfg = Release|Any CPU
		{AC25828D-B389-4701-9F37-691725848BFC}.Release|Any CPU.Build.0 = Release|Any CPU
	EndGlobalSection
	GlobalSection(SolutionProperties) = preSolution
		HideSolutionNode = FALSE
	EndGlobalSection
	GlobalSection(ExtensibilityGlobals) = postSolution
		SolutionGuid = {B6C43025-E7FB-47BC-B713-866E5709C6E5}
	EndGlobalSection
EndGlobal
